
Microsoft Visual Studio Solution File, Format Version 12.00
# Visual Studio 14
VisualStudioVersion = 14.0.25420.1
MinimumVisualStudioVersion = 10.0.40219.1
Project("{FAE04EC0-301F-11D3-BF4B-00C04F79EFBC}") = "WebApplicationTest", "WebApplicationTest\WebApplicationTest.csproj", "{70EF418A-61E9-4AC4-9974-F087254809EF}"
EndProject
Project("{FAE04EC0-301F-11D3-BF4B-00C04F79EFBC}") = "WebApplicationTest.Tests", "WebApplicationTest.Tests\WebApplicationTest.Tests.csproj", "{292ED66C-A6C3-4016-9071-1149D301AF37}"
EndProject
Global
	GlobalSection(SolutionConfigurationPlatforms) = preSolution
		Debug|Any CPU = Debug|Any CPU
		Release|Any CPU = Release|Any CPU
	EndGlobalSection
	GlobalSection(ProjectConfigurationPlatforms) = postSolution
		{70EF418A-61E9-4AC4-9974-F087254809EF}.Debug|Any CPU.ActiveCfg = Debug|Any CPU
		{70EF418A-61E9-4AC4-9974-F087254809EF}.Debug|Any CPU.Build.0 = Debug|Any CPU
		{70EF418A-61E9-4AC4-9974-F087254809EF}.Release|Any CPU.ActiveCfg = Release|Any CPU
		{70EF418A-61E9-4AC4-9974-F087254809EF}.Release|Any CPU.Build.0 = Release|Any CPU
		{292ED66C-A6C3-4016-9071-1149D301AF37}.Debug|Any CPU.ActiveCfg = Debug|Any CPU
		{292ED66C-A6C3-4016-9071-1149D301AF37}.Debug|Any CPU.Build.0 = Debug|Any CPU
		{292ED66C-A6C3-4016-9071-1149D301AF37}.Release|Any CPU.ActiveCfg = Release|Any CPU
		{292ED66C-A6C3-4016-9071-1149D301AF37}.Release|Any CPU.Build.0 = Release|Any CPU
	EndGlobalSection
	GlobalSection(SolutionProperties) = preSolution
		HideSolutionNode = FALSE
	EndGlobalSection
EndGlobal
